// !$*UTF8*$!
{
	archiveVersion = 1;
	classes = {
	};
	objectVersion = 55;
	objects = {

/* Begin PBXBuildFile section */
		9403B3B927AE04D800B3F7C2 /* WebKit.framework in Frameworks */ = {isa = PBXBuildFile; fileRef = 9403B3B827AE04D800B3F7C2 /* WebKit.framework */; };
		945B52F627B0A4CD009EA5FF /* Launch Screen.storyboard in Resources */ = {isa = PBXBuildFile; fileRef = 945B52F527B0A4CD009EA5FF /* Launch Screen.storyboard */; };
		947A2D501899016C00207CB4 /* Images.xcassets in Resources */ = {isa = PBXBuildFile; fileRef = 947A2D4F1899016C00207CB4 /* Images.xcassets */; };
		94D8FDB41AA43BAB006560B2 /* LocalAuthentication.framework in Frameworks */ = {isa = PBXBuildFile; fileRef = 94D8FDB31AA43BAB006560B2 /* LocalAuthentication.framework */; };
		94D8FDB61AA444B3006560B2 /* Security.framework in Frameworks */ = {isa = PBXBuildFile; fileRef = 94D8FDB51AA444B3006560B2 /* Security.framework */; };
		94F027C316E7159B00AAADAF /* UIKit.framework in Frameworks */ = {isa = PBXBuildFile; fileRef = 94F027C216E7159B00AAADAF /* UIKit.framework */; };
		94F027C516E7159B00AAADAF /* Foundation.framework in Frameworks */ = {isa = PBXBuildFile; fileRef = 94F027C416E7159B00AAADAF /* Foundation.framework */; };
		94F027C716E7159B00AAADAF /* CoreGraphics.framework in Frameworks */ = {isa = PBXBuildFile; fileRef = 94F027C616E7159B00AAADAF /* CoreGraphics.framework */; };
		94F027CD16E7159B00AAADAF /* InfoPlist.strings in Resources */ = {isa = PBXBuildFile; fileRef = 94F027CB16E7159B00AAADAF /* InfoPlist.strings */; };
		94F027CF16E7159B00AAADAF /* main.m in Sources */ = {isa = PBXBuildFile; fileRef = 94F027CE16E7159B00AAADAF /* main.m */; };
		94F027D316E7159B00AAADAF /* AppDelegate.m in Sources */ = {isa = PBXBuildFile; fileRef = 94F027D216E7159B00AAADAF /* AppDelegate.m */; };
		94F027DC16E7159B00AAADAF /* Passmaster.storyboard in Resources */ = {isa = PBXBuildFile; fileRef = 94F027DA16E7159B00AAADAF /* Passmaster.storyboard */; };
		94F027E216E7159B00AAADAF /* ViewController.m in Sources */ = {isa = PBXBuildFile; fileRef = 94F027E116E7159B00AAADAF /* ViewController.m */; };
/* End PBXBuildFile section */

/* Begin PBXFileReference section */
		9403B3B827AE04D800B3F7C2 /* WebKit.framework */ = {isa = PBXFileReference; lastKnownFileType = wrapper.framework; name = WebKit.framework; path = System/Library/Frameworks/WebKit.framework; sourceTree = SDKROOT; };
		945B52F527B0A4CD009EA5FF /* Launch Screen.storyboard */ = {isa = PBXFileReference; lastKnownFileType = file.storyboard; path = "Launch Screen.storyboard"; sourceTree = "<group>"; };
		947A2D4F1899016C00207CB4 /* Images.xcassets */ = {isa = PBXFileReference; lastKnownFileType = folder.assetcatalog; path = Images.xcassets; sourceTree = "<group>"; };
		94CF1165276DC5D800B0C770 /* Base */ = {isa = PBXFileReference; lastKnownFileType = file.storyboard; name = Base; path = Base.lproj/Passmaster.storyboard; sourceTree = "<group>"; };
		94D8FDB31AA43BAB006560B2 /* LocalAuthentication.framework */ = {isa = PBXFileReference; lastKnownFileType = wrapper.framework; name = LocalAuthentication.framework; path = System/Library/Frameworks/LocalAuthentication.framework; sourceTree = SDKROOT; };
		94D8FDB51AA444B3006560B2 /* Security.framework */ = {isa = PBXFileReference; lastKnownFileType = wrapper.framework; name = Security.framework; path = System/Library/Frameworks/Security.framework; sourceTree = SDKROOT; };
		94F027BF16E7159B00AAADAF /* Passmaster.app */ = {isa = PBXFileReference; explicitFileType = wrapper.application; includeInIndex = 0; path = Passmaster.app; sourceTree = BUILT_PRODUCTS_DIR; };
		94F027C216E7159B00AAADAF /* UIKit.framework */ = {isa = PBXFileReference; lastKnownFileType = wrapper.framework; name = UIKit.framework; path = System/Library/Frameworks/UIKit.framework; sourceTree = SDKROOT; };
		94F027C416E7159B00AAADAF /* Foundation.framework */ = {isa = PBXFileReference; lastKnownFileType = wrapper.framework; name = Foundation.framework; path = System/Library/Frameworks/Foundation.framework; sourceTree = SDKROOT; };
		94F027C616E7159B00AAADAF /* CoreGraphics.framework */ = {isa = PBXFileReference; lastKnownFileType = wrapper.framework; name = CoreGraphics.framework; path = System/Library/Frameworks/CoreGraphics.framework; sourceTree = SDKROOT; };
		94F027CA16E7159B00AAADAF /* Passmaster-Info.plist */ = {isa = PBXFileReference; lastKnownFileType = text.plist.xml; path = "Passmaster-Info.plist"; sourceTree = "<group>"; };
		94F027CC16E7159B00AAADAF /* en */ = {isa = PBXFileReference; lastKnownFileType = text.plist.strings; name = en; path = en.lproj/InfoPlist.strings; sourceTree = "<group>"; };
		94F027CE16E7159B00AAADAF /* main.m */ = {isa = PBXFileReference; lastKnownFileType = sourcecode.c.objc; path = main.m; sourceTree = "<group>"; };
		94F027D016E7159B00AAADAF /* Passmaster-Prefix.pch */ = {isa = PBXFileReference; lastKnownFileType = sourcecode.c.h; path = "Passmaster-Prefix.pch"; sourceTree = "<group>"; };
		94F027D116E7159B00AAADAF /* AppDelegate.h */ = {isa = PBXFileReference; lastKnownFileType = sourcecode.c.h; path = AppDelegate.h; sourceTree = "<group>"; };
		94F027D216E7159B00AAADAF /* AppDelegate.m */ = {isa = PBXFileReference; lastKnownFileType = sourcecode.c.objc; path = AppDelegate.m; sourceTree = "<group>"; };
		94F027E016E7159B00AAADAF /* ViewController.h */ = {isa = PBXFileReference; lastKnownFileType = sourcecode.c.h; path = ViewController.h; sourceTree = "<group>"; };
		94F027E116E7159B00AAADAF /* ViewController.m */ = {isa = PBXFileReference; lastKnownFileType = sourcecode.c.objc; path = ViewController.m; sourceTree = "<group>"; };
/* End PBXFileReference section */

/* Begin PBXFrameworksBuildPhase section */
		94F027BC16E7159B00AAADAF /* Frameworks */ = {
			isa = PBXFrameworksBuildPhase;
			buildActionMask = 2147483647;
			files = (
				94D8FDB61AA444B3006560B2 /* Security.framework in Frameworks */,
				94D8FDB41AA43BAB006560B2 /* LocalAuthentication.framework in Frameworks */,
				9403B3B927AE04D800B3F7C2 /* WebKit.framework in Frameworks */,
				94F027C316E7159B00AAADAF /* UIKit.framework in Frameworks */,
				94F027C516E7159B00AAADAF /* Foundation.framework in Frameworks */,
				94F027C716E7159B00AAADAF /* CoreGraphics.framework in Frameworks */,
			);
			runOnlyForDeploymentPostprocessing = 0;
		};
/* End PBXFrameworksBuildPhase section */

/* Begin PBXGroup section */
		94F027B616E7159B00AAADAF = {
			isa = PBXGroup;
			children = (
				94F027C816E7159B00AAADAF /* Passmaster */,
				94F027C116E7159B00AAADAF /* Frameworks */,
				94F027C016E7159B00AAADAF /* Products */,
			);
			indentWidth = 2;
			sourceTree = "<group>";
			tabWidth = 2;
			wrapsLines = 0;
		};
		94F027C016E7159B00AAADAF /* Products */ = {
			isa = PBXGroup;
			children = (
				94F027BF16E7159B00AAADAF /* Passmaster.app */,
			);
			name = Products;
			sourceTree = "<group>";
		};
		94F027C116E7159B00AAADAF /* Frameworks */ = {
			isa = PBXGroup;
			children = (
				9403B3B827AE04D800B3F7C2 /* WebKit.framework */,
				94D8FDB51AA444B3006560B2 /* Security.framework */,
				94D8FDB31AA43BAB006560B2 /* LocalAuthentication.framework */,
				94F027C216E7159B00AAADAF /* UIKit.framework */,
				94F027C416E7159B00AAADAF /* Foundation.framework */,
				94F027C616E7159B00AAADAF /* CoreGraphics.framework */,
			);
			name = Frameworks;
			sourceTree = "<group>";
		};
		94F027C816E7159B00AAADAF /* Passmaster */ = {
			isa = PBXGroup;
			children = (
				94F027D116E7159B00AAADAF /* AppDelegate.h */,
				94F027D216E7159B00AAADAF /* AppDelegate.m */,
				94F027DA16E7159B00AAADAF /* Passmaster.storyboard */,
				945B52F527B0A4CD009EA5FF /* Launch Screen.storyboard */,
				94F027E016E7159B00AAADAF /* ViewController.h */,
				94F027E116E7159B00AAADAF /* ViewController.m */,
				947A2D4F1899016C00207CB4 /* Images.xcassets */,
				94F027C916E7159B00AAADAF /* Supporting Files */,
			);
			path = Passmaster;
			sourceTree = "<group>";
		};
		94F027C916E7159B00AAADAF /* Supporting Files */ = {
			isa = PBXGroup;
			children = (
				94F027CA16E7159B00AAADAF /* Passmaster-Info.plist */,
				94F027CB16E7159B00AAADAF /* InfoPlist.strings */,
				94F027CE16E7159B00AAADAF /* main.m */,
				94F027D016E7159B00AAADAF /* Passmaster-Prefix.pch */,
			);
			name = "Supporting Files";
			sourceTree = "<group>";
		};
/* End PBXGroup section */

/* Begin PBXNativeTarget section */
		94F027BE16E7159B00AAADAF /* Passmaster */ = {
			isa = PBXNativeTarget;
			buildConfigurationList = 94F027E516E7159B00AAADAF /* Build configuration list for PBXNativeTarget "Passmaster" */;
			buildPhases = (
				94F027BB16E7159B00AAADAF /* Sources */,
				94F027BC16E7159B00AAADAF /* Frameworks */,
				94F027BD16E7159B00AAADAF /* Resources */,
			);
			buildRules = (
			);
			dependencies = (
			);
			name = Passmaster;
			productName = Passmaster;
			productReference = 94F027BF16E7159B00AAADAF /* Passmaster.app */;
			productType = "com.apple.product-type.application";
		};
/* End PBXNativeTarget section */

/* Begin PBXProject section */
		94F027B716E7159B00AAADAF /* Project object */ = {
			isa = PBXProject;
			attributes = {
				BuildIndependentTargetsInParallel = YES;
				CLASSPREFIX = Passmaster;
				LastUpgradeCheck = 1510;
				ORGANIZATIONNAME = Passmaster;
			};
			buildConfigurationList = 94F027BA16E7159B00AAADAF /* Build configuration list for PBXProject "Passmaster" */;
			compatibilityVersion = "Xcode 13.0";
			developmentRegion = en;
			hasScannedForEncodings = 0;
			knownRegions = (
				en,
				Base,
			);
			mainGroup = 94F027B616E7159B00AAADAF;
			productRefGroup = 94F027C016E7159B00AAADAF /* Products */;
			projectDirPath = "";
			projectRoot = "";
			targets = (
				94F027BE16E7159B00AAADAF /* Passmaster */,
			);
		};
/* End PBXProject section */

/* Begin PBXResourcesBuildPhase section */
		94F027BD16E7159B00AAADAF /* Resources */ = {
			isa = PBXResourcesBuildPhase;
			buildActionMask = 2147483647;
			files = (
				94F027CD16E7159B00AAADAF /* InfoPlist.strings in Resources */,
				94F027DC16E7159B00AAADAF /* Passmaster.storyboard in Resources */,
				945B52F627B0A4CD009EA5FF /* Launch Screen.storyboard in Resources */,
				947A2D501899016C00207CB4 /* Images.xcassets in Resources */,
			);
			runOnlyForDeploymentPostprocessing = 0;
		};
/* End PBXResourcesBuildPhase section */

/* Begin PBXSourcesBuildPhase section */
		94F027BB16E7159B00AAADAF /* Sources */ = {
			isa = PBXSourcesBuildPhase;
			buildActionMask = 2147483647;
			files = (
				94F027CF16E7159B00AAADAF /* main.m in Sources */,
				94F027D316E7159B00AAADAF /* AppDelegate.m in Sources */,
				94F027E216E7159B00AAADAF /* ViewController.m in Sources */,
			);
			runOnlyForDeploymentPostprocessing = 0;
		};
/* End PBXSourcesBuildPhase section */

/* Begin PBXVariantGroup section */
		94F027CB16E7159B00AAADAF /* InfoPlist.strings */ = {
			isa = PBXVariantGroup;
			children = (
				94F027CC16E7159B00AAADAF /* en */,
			);
			name = InfoPlist.strings;
			sourceTree = "<group>";
		};
		94F027DA16E7159B00AAADAF /* Passmaster.storyboard */ = {
			isa = PBXVariantGroup;
			children = (
				94CF1165276DC5D800B0C770 /* Base */,
			);
			name = Passmaster.storyboard;
			sourceTree = "<group>";
		};
/* End PBXVariantGroup section */

/* Begin XCBuildConfiguration section */
		94F027E316E7159B00AAADAF /* Debug */ = {
			isa = XCBuildConfiguration;
			buildSettings = {
				ALWAYS_SEARCH_USER_PATHS = NO;
				CLANG_ANALYZER_LOCALIZABILITY_NONLOCALIZED = YES;
				CLANG_CXX_LANGUAGE_STANDARD = "gnu++0x";
				CLANG_CXX_LIBRARY = "libc++";
				CLANG_ENABLE_OBJC_ARC = YES;
				CLANG_WARN_BLOCK_CAPTURE_AUTORELEASING = YES;
				CLANG_WARN_BOOL_CONVERSION = YES;
				CLANG_WARN_COMMA = YES;
				CLANG_WARN_CONSTANT_CONVERSION = YES;
				CLANG_WARN_DEPRECATED_OBJC_IMPLEMENTATIONS = YES;
				CLANG_WARN_EMPTY_BODY = YES;
				CLANG_WARN_ENUM_CONVERSION = YES;
				CLANG_WARN_INFINITE_RECURSION = YES;
				CLANG_WARN_INT_CONVERSION = YES;
				CLANG_WARN_NON_LITERAL_NULL_CONVERSION = YES;
				CLANG_WARN_OBJC_IMPLICIT_RETAIN_SELF = YES;
				CLANG_WARN_OBJC_LITERAL_CONVERSION = YES;
				CLANG_WARN_QUOTED_INCLUDE_IN_FRAMEWORK_HEADER = YES;
				CLANG_WARN_RANGE_LOOP_ANALYSIS = YES;
				CLANG_WARN_STRICT_PROTOTYPES = YES;
				CLANG_WARN_SUSPICIOUS_MOVE = YES;
				CLANG_WARN_UNREACHABLE_CODE = YES;
				CLANG_WARN__DUPLICATE_METHOD_MATCH = YES;
				"CODE_SIGN_IDENTITY[sdk=iphoneos*]" = "iPhone Developer";
				COPY_PHASE_STRIP = NO;
				ENABLE_STRICT_OBJC_MSGSEND = YES;
				ENABLE_TESTABILITY = YES;
				ENABLE_USER_SCRIPT_SANDBOXING = YES;
				GCC_C_LANGUAGE_STANDARD = gnu99;
				GCC_DYNAMIC_NO_PIC = NO;
				GCC_NO_COMMON_BLOCKS = YES;
				GCC_OPTIMIZATION_LEVEL = 0;
				GCC_PREPROCESSOR_DEFINITIONS = (
					"DEBUG=1",
					"$(inherited)",
				);
				GCC_SYMBOLS_PRIVATE_EXTERN = NO;
				GCC_WARN_64_TO_32_BIT_CONVERSION = YES;
				GCC_WARN_ABOUT_RETURN_TYPE = YES;
				GCC_WARN_UNDECLARED_SELECTOR = YES;
				GCC_WARN_UNINITIALIZED_AUTOS = YES;
				GCC_WARN_UNUSED_FUNCTION = YES;
				GCC_WARN_UNUSED_VARIABLE = YES;
				IPHONEOS_DEPLOYMENT_TARGET = 17.2;
				ONLY_ACTIVE_ARCH = YES;
				SDKROOT = iphoneos;
				SUPPORTED_PLATFORMS = "iphonesimulator iphoneos";
				TARGETED_DEVICE_FAMILY = "1,2,6";
			};
			name = Debug;
		};
		94F027E416E7159B00AAADAF /* Release */ = {
			isa = XCBuildConfiguration;
			buildSettings = {
				ALWAYS_SEARCH_USER_PATHS = NO;
				CLANG_ANALYZER_LOCALIZABILITY_NONLOCALIZED = YES;
				CLANG_CXX_LANGUAGE_STANDARD = "gnu++0x";
				CLANG_CXX_LIBRARY = "libc++";
				CLANG_ENABLE_OBJC_ARC = YES;
				CLANG_WARN_BLOCK_CAPTURE_AUTORELEASING = YES;
				CLANG_WARN_BOOL_CONVERSION = YES;
				CLANG_WARN_COMMA = YES;
				CLANG_WARN_CONSTANT_CONVERSION = YES;
				CLANG_WARN_DEPRECATED_OBJC_IMPLEMENTATIONS = YES;
				CLANG_WARN_EMPTY_BODY = YES;
				CLANG_WARN_ENUM_CONVERSION = YES;
				CLANG_WARN_INFINITE_RECURSION = YES;
				CLANG_WARN_INT_CONVERSION = YES;
				CLANG_WARN_NON_LITERAL_NULL_CONVERSION = YES;
				CLANG_WARN_OBJC_IMPLICIT_RETAIN_SELF = YES;
				CLANG_WARN_OBJC_LITERAL_CONVERSION = YES;
				CLANG_WARN_QUOTED_INCLUDE_IN_FRAMEWORK_HEADER = YES;
				CLANG_WARN_RANGE_LOOP_ANALYSIS = YES;
				CLANG_WARN_STRICT_PROTOTYPES = YES;
				CLANG_WARN_SUSPICIOUS_MOVE = YES;
				CLANG_WARN_UNREACHABLE_CODE = YES;
				CLANG_WARN__DUPLICATE_METHOD_MATCH = YES;
				CODE_SIGN_IDENTITY = "iPhone Distribution";
				"CODE_SIGN_IDENTITY[sdk=iphoneos*]" = "iPhone Distribution";
				COPY_PHASE_STRIP = YES;
				ENABLE_STRICT_OBJC_MSGSEND = YES;
				ENABLE_USER_SCRIPT_SANDBOXING = YES;
				GCC_C_LANGUAGE_STANDARD = gnu99;
				GCC_NO_COMMON_BLOCKS = YES;
				GCC_WARN_64_TO_32_BIT_CONVERSION = YES;
				GCC_WARN_ABOUT_RETURN_TYPE = YES;
				GCC_WARN_UNDECLARED_SELECTOR = YES;
				GCC_WARN_UNINITIALIZED_AUTOS = YES;
				GCC_WARN_UNUSED_FUNCTION = YES;
				GCC_WARN_UNUSED_VARIABLE = YES;
				IPHONEOS_DEPLOYMENT_TARGET = 17.2;
				OTHER_CFLAGS = "-DNS_BLOCK_ASSERTIONS=1";
				PROVISIONING_PROFILE = "";
				"PROVISIONING_PROFILE[sdk=iphoneos*]" = "";
				SDKROOT = iphoneos;
				SUPPORTED_PLATFORMS = "iphonesimulator iphoneos";
				TARGETED_DEVICE_FAMILY = "1,2,6";
				VALIDATE_PRODUCT = YES;
			};
			name = Release;
		};
		94F027E616E7159B00AAADAF /* Debug */ = {
			isa = XCBuildConfiguration;
			buildSettings = {
				ASSETCATALOG_COMPILER_APPICON_NAME = AppIcon;
				CODE_SIGN_IDENTITY = "iPhone Developer";
				"CODE_SIGN_IDENTITY[sdk=iphoneos*]" = "iPhone Developer";
				CURRENT_PROJECT_VERSION = 10;
				DEVELOPMENT_TEAM = 57SRQQWC92;
				GCC_PRECOMPILE_PREFIX_HEADER = YES;
				GCC_PREFIX_HEADER = "Passmaster/Passmaster-Prefix.pch";
				INFOPLIST_FILE = "Passmaster/Passmaster-Info.plist";
				IPHONEOS_DEPLOYMENT_TARGET = 14.0;
				MARKETING_VERSION = 1.7;
				PRODUCT_BUNDLE_IDENTIFIER = "io.passmaster.${PRODUCT_NAME:rfc1034identifier}";
				PRODUCT_NAME = "$(TARGET_NAME)";
				PROVISIONING_PROFILE = "";
				TARGETED_DEVICE_FAMILY = "1,2";
				WRAPPER_EXTENSION = app;
			};
			name = Debug;
		};
		94F027E716E7159B00AAADAF /* Release */ = {
			isa = XCBuildConfiguration;
			buildSettings = {
				ASSETCATALOG_COMPILER_APPICON_NAME = AppIcon;
				CODE_SIGN_IDENTITY = "iPhone Developer";
				"CODE_SIGN_IDENTITY[sdk=iphoneos*]" = "iPhone Developer";
				CURRENT_PROJECT_VERSION = 10;
				DEVELOPMENT_TEAM = 57SRQQWC92;
				GCC_PRECOMPILE_PREFIX_HEADER = YES;
				GCC_PREFIX_HEADER = "Passmaster/Passmaster-Prefix.pch";
				INFOPLIST_FILE = "Passmaster/Passmaster-Info.plist";
				IPHONEOS_DEPLOYMENT_TARGET = 14.0;
				MARKETING_VERSION = 1.7;
				PRODUCT_BUNDLE_IDENTIFIER = "io.passmaster.${PRODUCT_NAME:rfc1034identifier}";
				PRODUCT_NAME = "$(TARGET_NAME)";
				PROVISIONING_PROFILE = "";
				TARGETED_DEVICE_FAMILY = "1,2";
				WRAPPER_EXTENSION = app;
			};
			name = Release;
		};
/* End XCBuildConfiguration section */

/* Begin XCConfigurationList section */
		94F027BA16E7159B00AAADAF /* Build configuration list for PBXProject "Passmaster" */ = {
			isa = XCConfigurationList;
			buildConfigurations = (
				94F027E316E7159B00AAADAF /* Debug */,
				94F027E416E7159B00AAADAF /* Release */,
			);
			defaultConfigurationIsVisible = 0;
			defaultConfigurationName = Release;
		};
		94F027E516E7159B00AAADAF /* Build configuration list for PBXNativeTarget "Passmaster" */ = {
			isa = XCConfigurationList;
			buildConfigurations = (
				94F027E616E7159B00AAADAF /* Debug */,
				94F027E716E7159B00AAADAF /* Release */,
			);
			defaultConfigurationIsVisible = 0;
			defaultConfigurationName = Release;
		};
/* End XCConfigurationList section */
	};
	rootObject = 94F027B716E7159B00AAADAF /* Project object */;
}
